
Microsoft Visual Studio Solution File, Format Version 12.00
# Visual Studio 15
VisualStudioVersion = 15.0.27703.1
MinimumVisualStudioVersion = 10.0.40219.1
Project("{FAE04EC0-301F-11D3-BF4B-00C04F79EFBC}") = "NewFlashCardApp", "NewFlashCardApp\NewFlashCardApp.csproj", "{C0D9464A-DC09-4F36-839E-94060A288ABE}"
EndProject
Global
	GlobalSection(SolutionConfigurationPlatforms) = preSolution
		Debug|Any CPU = Debug|Any CPU
		Release|Any CPU = Release|Any CPU
	EndGlobalSection
	GlobalSection(ProjectConfigurationPlatforms) = postSolution
		{C0D9464A-DC09-4F36-839E-94060A288ABE}.Debug|Any CPU.ActiveCfg = Debug|Any CPU
		{C0D9464A-DC09-4F36-839E-94060A288ABE}.Debug|Any CPU.Build.0 = Debug|Any CPU
		{C0D9464A-DC09-4F36-839E-94060A288ABE}.Release|Any CPU.ActiveCfg = Release|Any CPU
		{C0D9464A-DC09-4F36-839E-94060A288ABE}.Release|Any CPU.Build.0 = Release|Any CPU
	EndGlobalSection
	GlobalSection(SolutionProperties) = preSolution
		HideSolutionNode = FALSE
	EndGlobalSection
	GlobalSection(ExtensibilityGlobals) = postSolution
		SolutionGuid = {709B1D19-42B6-4706-A5E8-3EBAD554DF4C}
	EndGlobalSection
EndGlobal
